// !$*UTF8*$!
{
	archiveVersion = 1;
	classes = {
	};
	objectVersion = 42;
	objects = {

/* Begin PBXAggregateTarget section */
		96D355F20908DD62006B6436 /* ReleaseBuild */ = {
			isa = PBXAggregateTarget;
			buildConfigurationList = 96D355F30908DD80006B6436 /* Build configuration list for PBXAggregateTarget "ReleaseBuild" */;
			buildPhases = (
			);
			dependencies = (
				9658838409BC64BB0063770F /* PBXTargetDependency */,
			);
			name = ReleaseBuild;
			productName = ReleaseBuild;
		};
/* End PBXAggregateTarget section */

/* Begin PBXBuildFile section */
		4017D617206FE7BC007085B6 /* JsonFastWriter.cpp in Sources */ = {isa = PBXBuildFile; fileRef = 404631B6205653FD002F124A /* JsonFastWriter.cpp */; };
		4024DD0A2456B661005725DD /* InfoPlist.strings in Resources */ = {isa = PBXBuildFile; fileRef = 089C167DFE841241C02AAC07 /* InfoPlist.strings */; };
		4024DD0B2456B661005725DD /* jsoncpp.rc in Resources */ = {isa = PBXBuildFile; fileRef = B086C3EA13818525005B7A43 /* jsoncpp.rc */; };
		4024DD0D2456B661005725DD /* jsoncpp.cpp in Sources */ = {isa = PBXBuildFile; fileRef = B086C3D8138184EB005B7A43 /* jsoncpp.cpp */; };
		4024DD0E2456B661005725DD /* JsonReader.cpp in Sources */ = {isa = PBXBuildFile; fileRef = B086C3D9138184EB005B7A43 /* JsonReader.cpp */; };
		4024DD0F2456B661005725DD /* JsonValue.cpp in Sources */ = {isa = PBXBuildFile; fileRef = B086C3DA138184EB005B7A43 /* JsonValue.cpp */; };
		4024DD102456B661005725DD /* JsonWriter.cpp in Sources */ = {isa = PBXBuildFile; fileRef = B086C3DB138184EB005B7A43 /* JsonWriter.cpp */; };
		4024DD112456B661005725DD /* NVObjBase.cpp in Sources */ = {isa = PBXBuildFile; fileRef = B086C3DC138184EB005B7A43 /* NVObjBase.cpp */; };
		4024DD122456B661005725DD /* OmnisTools.cpp in Sources */ = {isa = PBXBuildFile; fileRef = B086C3DD138184EB005B7A43 /* OmnisTools.cpp */; };
		4024DD132456B661005725DD /* json_reader.cpp in Sources */ = {isa = PBXBuildFile; fileRef = B086C3E4138184F4005B7A43 /* json_reader.cpp */; };
		4024DD142456B661005725DD /* json_value.cpp in Sources */ = {isa = PBXBuildFile; fileRef = B086C3E5138184F4005B7A43 /* json_value.cpp */; };
		4024DD152456B661005725DD /* json_writer.cpp in Sources */ = {isa = PBXBuildFile; fileRef = B086C3E6138184F4005B7A43 /* json_writer.cpp */; };
		4024DD162456B661005725DD /* Static.cpp in Sources */ = {isa = PBXBuildFile; fileRef = B086C40313827C36005B7A43 /* Static.cpp */; };
		4024DD172456B661005725DD /* JsonFastWriter.cpp in Sources */ = {isa = PBXBuildFile; fileRef = 404631B6205653FD002F124A /* JsonFastWriter.cpp */; };
		4024DD192456B661005725DD /* Cocoa.framework in Frameworks */ = {isa = PBXBuildFile; fileRef = 40C54E2820485681009529A4 /* Cocoa.framework */; };
		4024DD1A2456B661005725DD /* Carbon.framework in Frameworks */ = {isa = PBXBuildFile; fileRef = 08EA7FFBFE8413EDC02AAC07 /* Carbon.framework */; };
		404631B7205653FE002F124A /* JsonFastWriter.cpp in Sources */ = {isa = PBXBuildFile; fileRef = 404631B6205653FD002F124A /* JsonFastWriter.cpp */; };
		404631BB20565451002F124A /* JsonFastWriter.he in Resources */ = {isa = PBXBuildFile; fileRef = 404631BA20565451002F124A /* JsonFastWriter.he */; };
		4078213A20AF1BF8008756B5 /* InfoPlist.strings in Resources */ = {isa = PBXBuildFile; fileRef = 089C167DFE841241C02AAC07 /* InfoPlist.strings */; };
		4078213B20AF1BF8008756B5 /* jsoncpp.rc in Resources */ = {isa = PBXBuildFile; fileRef = B086C3EA13818525005B7A43 /* jsoncpp.rc */; };
		4078213D20AF1BF8008756B5 /* jsoncpp.cpp in Sources */ = {isa = PBXBuildFile; fileRef = B086C3D8138184EB005B7A43 /* jsoncpp.cpp */; };
		4078213E20AF1BF8008756B5 /* JsonReader.cpp in Sources */ = {isa = PBXBuildFile; fileRef = B086C3D9138184EB005B7A43 /* JsonReader.cpp */; };
		4078213F20AF1BF8008756B5 /* JsonValue.cpp in Sources */ = {isa = PBXBuildFile; fileRef = B086C3DA138184EB005B7A43 /* JsonValue.cpp */; };
		4078214020AF1BF8008756B5 /* JsonWriter.cpp in Sources */ = {isa = PBXBuildFile; fileRef = B086C3DB138184EB005B7A43 /* JsonWriter.cpp */; };
		4078214120AF1BF8008756B5 /* NVObjBase.cpp in Sources */ = {isa = PBXBuildFile; fileRef = B086C3DC138184EB005B7A43 /* NVObjBase.cpp */; };
		4078214220AF1BF8008756B5 /* OmnisTools.cpp in Sources */ = {isa = PBXBuildFile; fileRef = B086C3DD138184EB005B7A43 /* OmnisTools.cpp */; };
		4078214320AF1BF8008756B5 /* json_reader.cpp in Sources */ = {isa = PBXBuildFile; fileRef = B086C3E4138184F4005B7A43 /* json_reader.cpp */; };
		4078214420AF1BF8008756B5 /* json_value.cpp in Sources */ = {isa = PBXBuildFile; fileRef = B086C3E5138184F4005B7A43 /* json_value.cpp */; };
		4078214520AF1BF8008756B5 /* json_writer.cpp in Sources */ = {isa = PBXBuildFile; fileRef = B086C3E6138184F4005B7A43 /* json_writer.cpp */; };
		4078214620AF1BF8008756B5 /* Static.cpp in Sources */ = {isa = PBXBuildFile; fileRef = B086C40313827C36005B7A43 /* Static.cpp */; };
		4078214720AF1BF8008756B5 /* JsonFastWriter.cpp in Sources */ = {isa = PBXBuildFile; fileRef = 404631B6205653FD002F124A /* JsonFastWriter.cpp */; };
		4078214920AF1BF8008756B5 /* Cocoa.framework in Frameworks */ = {isa = PBXBuildFile; fileRef = 40C54E2820485681009529A4 /* Cocoa.framework */; };
		4078214A20AF1BF8008756B5 /* Carbon.framework in Frameworks */ = {isa = PBXBuildFile; fileRef = 08EA7FFBFE8413EDC02AAC07 /* Carbon.framework */; };
		4089B83F203B079000F64CD5 /* InfoPlist.strings in Resources */ = {isa = PBXBuildFile; fileRef = 089C167DFE841241C02AAC07 /* InfoPlist.strings */; };
		4089B840203B079000F64CD5 /* jsoncpp.rc in Resources */ = {isa = PBXBuildFile; fileRef = B086C3EA13818525005B7A43 /* jsoncpp.rc */; };
		4089B842203B079000F64CD5 /* jsoncpp.cpp in Sources */ = {isa = PBXBuildFile; fileRef = B086C3D8138184EB005B7A43 /* jsoncpp.cpp */; };
		4089B843203B079000F64CD5 /* JsonReader.cpp in Sources */ = {isa = PBXBuildFile; fileRef = B086C3D9138184EB005B7A43 /* JsonReader.cpp */; };
		4089B844203B079000F64CD5 /* JsonValue.cpp in Sources */ = {isa = PBXBuildFile; fileRef = B086C3DA138184EB005B7A43 /* JsonValue.cpp */; };
		4089B845203B079000F64CD5 /* JsonWriter.cpp in Sources */ = {isa = PBXBuildFile; fileRef = B086C3DB138184EB005B7A43 /* JsonWriter.cpp */; };
		4089B846203B079000F64CD5 /* NVObjBase.cpp in Sources */ = {isa = PBXBuildFile; fileRef = B086C3DC138184EB005B7A43 /* NVObjBase.cpp */; };
		4089B847203B079000F64CD5 /* OmnisTools.cpp in Sources */ = {isa = PBXBuildFile; fileRef = B086C3DD138184EB005B7A43 /* OmnisTools.cpp */; };
		4089B848203B079000F64CD5 /* json_reader.cpp in Sources */ = {isa = PBXBuildFile; fileRef = B086C3E4138184F4005B7A43 /* json_reader.cpp */; };
		4089B849203B079000F64CD5 /* json_value.cpp in Sources */ = {isa = PBXBuildFile; fileRef = B086C3E5138184F4005B7A43 /* json_value.cpp */; };
		4089B84A203B079000F64CD5 /* json_writer.cpp in Sources */ = {isa = PBXBuildFile; fileRef = B086C3E6138184F4005B7A43 /* json_writer.cpp */; };
		4089B84B203B079000F64CD5 /* Static.cpp in Sources */ = {isa = PBXBuildFile; fileRef = B086C40313827C36005B7A43 /* Static.cpp */; };
		4089B84D203B079000F64CD5 /* Carbon.framework in Frameworks */ = {isa = PBXBuildFile; fileRef = 08EA7FFBFE8413EDC02AAC07 /* Carbon.framework */; };
		40C54E2920485681009529A4 /* Cocoa.framework in Frameworks */ = {isa = PBXBuildFile; fileRef = 40C54E2820485681009529A4 /* Cocoa.framework */; };
		96CA4E550907E8CC00C234AA /* InfoPlist.strings in Resources */ = {isa = PBXBuildFile; fileRef = 089C167DFE841241C02AAC07 /* InfoPlist.strings */; };
		96CA4E5A0907E8CC00C234AA /* Carbon.framework in Frameworks */ = {isa = PBXBuildFile; fileRef = 08EA7FFBFE8413EDC02AAC07 /* Carbon.framework */; };
		B086C3DE138184EB005B7A43 /* jsoncpp.cpp in Sources */ = {isa = PBXBuildFile; fileRef = B086C3D8138184EB005B7A43 /* jsoncpp.cpp */; };
		B086C3DF138184EB005B7A43 /* JsonReader.cpp in Sources */ = {isa = PBXBuildFile; fileRef = B086C3D9138184EB005B7A43 /* JsonReader.cpp */; };
		B086C3E0138184EB005B7A43 /* JsonValue.cpp in Sources */ = {isa = PBXBuildFile; fileRef = B086C3DA138184EB005B7A43 /* JsonValue.cpp */; };
		B086C3E1138184EB005B7A43 /* JsonWriter.cpp in Sources */ = {isa = PBXBuildFile; fileRef = B086C3DB138184EB005B7A43 /* JsonWriter.cpp */; };
		B086C3E2138184EB005B7A43 /* NVObjBase.cpp in Sources */ = {isa = PBXBuildFile; fileRef = B086C3DC138184EB005B7A43 /* NVObjBase.cpp */; };
		B086C3E3138184EB005B7A43 /* OmnisTools.cpp in Sources */ = {isa = PBXBuildFile; fileRef = B086C3DD138184EB005B7A43 /* OmnisTools.cpp */; };
		B086C3E7138184F4005B7A43 /* json_reader.cpp in Sources */ = {isa = PBXBuildFile; fileRef = B086C3E4138184F4005B7A43 /* json_reader.cpp */; };
		B086C3E8138184F4005B7A43 /* json_value.cpp in Sources */ = {isa = PBXBuildFile; fileRef = B086C3E5138184F4005B7A43 /* json_value.cpp */; };
		B086C3E9138184F4005B7A43 /* json_writer.cpp in Sources */ = {isa = PBXBuildFile; fileRef = B086C3E6138184F4005B7A43 /* json_writer.cpp */; };
		B086C3EB13818525005B7A43 /* jsoncpp.rc in Resources */ = {isa = PBXBuildFile; fileRef = B086C3EA13818525005B7A43 /* jsoncpp.rc */; };
		B086C40413827C36005B7A43 /* Static.cpp in Sources */ = {isa = PBXBuildFile; fileRef = B086C40313827C36005B7A43 /* Static.cpp */; };
/* End PBXBuildFile section */

/* Begin PBXBuildRule section */
		4024DD1C2456B661005725DD /* PBXBuildRule */ = {
			isa = PBXBuildRule;
			compilerSpec = com.apple.compilers.proxy.script;
			filePatterns = "*.rc";
			fileType = pattern.proxy;
			isEditable = 1;
			outputFiles = (
				"$(TEMP_FILE_DIR)/omnisrc/Localizable.strings",
			);
			script = "/Developer/Tools/omnisrc64.app/Contents/MacOS/omnisrc64 INPUT_FILE_PATH TEMP_FILE_DIR REZ_SEARCH_PATHS XCOMP\nif [ -f $TEMP_FILE_DIR/omnisrc/Bitmap.strings ]; then\ncp $TEMP_FILE_DIR/omnisrc/Bitmap.strings $INSTALL_DIR/$CONTENTS_FOLDER_PATH/Resources\nfi\nshopt -s nullglob\nif [ ! -z \"`echo $TEMP_FILE_DIR/omnisrc/*.PNG`\" ]; then\ncp $TEMP_FILE_DIR/omnisrc/*.PNG $INSTALL_DIR/$CONTENTS_FOLDER_PATH/Resources\nfi\n";
		};
		4078214C20AF1BF8008756B5 /* PBXBuildRule */ = {
			isa = PBXBuildRule;
			compilerSpec = com.apple.compilers.proxy.script;
			filePatterns = "*.rc";
			fileType = pattern.proxy;
			isEditable = 1;
			outputFiles = (
				"$(TEMP_FILE_DIR)/omnisrc/Localizable.strings",
			);
			script = "/Developer/Tools/omnisrc64.app/Contents/MacOS/omnisrc64 INPUT_FILE_PATH TEMP_FILE_DIR REZ_SEARCH_PATHS XCOMP\nif [ -f $TEMP_FILE_DIR/omnisrc/Bitmap.strings ]; then\ncp $TEMP_FILE_DIR/omnisrc/Bitmap.strings $INSTALL_DIR/$CONTENTS_FOLDER_PATH/Resources\nfi\nshopt -s nullglob\nif [ ! -z \"`echo $TEMP_FILE_DIR/omnisrc/*.PNG`\" ]; then\ncp $TEMP_FILE_DIR/omnisrc/*.PNG $INSTALL_DIR/$CONTENTS_FOLDER_PATH/Resources\nfi\n";
		};
		4089B84F203B079000F64CD5 /* PBXBuildRule */ = {
			isa = PBXBuildRule;
			compilerSpec = com.apple.compilers.proxy.script;
			filePatterns = "*.rc";
			fileType = pattern.proxy;
			isEditable = 1;
			outputFiles = (
				"$(TEMP_FILE_DIR)/omnisrc/Localizable.strings",
			);
			script = "/Developer/Tools/omnisrc.app/Contents/MacOS/omnisrc INPUT_FILE_PATH TEMP_FILE_DIR REZ_SEARCH_PATHS XCOMP\ncp $TEMP_FILE_DIR/omnisrc/xcomp.rsrc $INSTALL_DIR/$CONTENTS_FOLDER_PATH/Resources\n";
		};
		96CA4E5C0907E8CC00C234AA /* PBXBuildRule */ = {
			isa = PBXBuildRule;
			compilerSpec = com.apple.compilers.proxy.script;
			filePatterns = "*.rc";
			fileType = pattern.proxy;
			isEditable = 1;
			outputFiles = (
				"$(TEMP_FILE_DIR)/omnisrc/Localizable.strings",
			);
			script = "/Developer/Tools/omnisrc64.app/Contents/MacOS/omnisrc64 INPUT_FILE_PATH TEMP_FILE_DIR REZ_SEARCH_PATHS XCOMP\nif [ -f $TEMP_FILE_DIR/omnisrc/Bitmap.strings ]; then\ncp $TEMP_FILE_DIR/omnisrc/Bitmap.strings $INSTALL_DIR/$CONTENTS_FOLDER_PATH/Resources\nfi\nshopt -s nullglob\nif [ ! -z \"`echo $TEMP_FILE_DIR/omnisrc/*.PNG`\" ]; then\ncp $TEMP_FILE_DIR/omnisrc/*.PNG $INSTALL_DIR/$CONTENTS_FOLDER_PATH/Resources\nfi";
		};
/* End PBXBuildRule section */

/* Begin PBXContainerItemProxy section */
		9658838309BC64BB0063770F /* PBXContainerItemProxy */ = {
			isa = PBXContainerItemProxy;
			containerPortal = 089C1669FE841209C02AAC07 /* Project object */;
			proxyType = 1;
			remoteGlobalIDString = 96CA4E530907E8CC00C234AA;
			remoteInfo = UnicodeCore;
		};
/* End PBXContainerItemProxy section */

/* Begin PBXFileReference section */
		089C167EFE841241C02AAC07 /* English */ = {isa = PBXFileReference; fileEncoding = 4; lastKnownFileType = text.plist.strings; name = English; path = English.lproj/InfoPlist.strings; sourceTree = "<group>"; };
		08EA7FFBFE8413EDC02AAC07 /* Carbon.framework */ = {isa = PBXFileReference; lastKnownFileType = wrapper.framework; name = Carbon.framework; path = /System/Library/Frameworks/Carbon.framework; sourceTree = "<absolute>"; };
		4024DD202456B661005725DD /* jsoncpp.u_xcomp */ = {isa = PBXFileReference; explicitFileType = wrapper.cfbundle; includeInIndex = 0; path = jsoncpp.u_xcomp; sourceTree = BUILT_PRODUCTS_DIR; };
		404631B6205653FD002F124A /* JsonFastWriter.cpp */ = {isa = PBXFileReference; fileEncoding = 4; lastKnownFileType = sourcecode.cpp.cpp; name = JsonFastWriter.cpp; path = ../../src/JsonFastWriter.cpp; sourceTree = "<group>"; };
		404631BA20565451002F124A /* JsonFastWriter.he */ = {isa = PBXFileReference; explicitFileType = sourcecode.cpp.h; fileEncoding = 4; name = JsonFastWriter.he; path = ../../include/JsonFastWriter.he; sourceTree = "<group>"; };
		4078215020AF1BF8008756B5 /* jsoncpp.u_xcomp */ = {isa = PBXFileReference; explicitFileType = wrapper.cfbundle; includeInIndex = 0; path = jsoncpp.u_xcomp; sourceTree = BUILT_PRODUCTS_DIR; };
		4089B853203B079000F64CD5 /* jsoncpp.n_xcomp */ = {isa = PBXFileReference; explicitFileType = wrapper.cfbundle; includeInIndex = 0; path = jsoncpp.n_xcomp; sourceTree = BUILT_PRODUCTS_DIR; };
		40C54E2820485681009529A4 /* Cocoa.framework */ = {isa = PBXFileReference; lastKnownFileType = wrapper.framework; name = Cocoa.framework; path = Platforms/MacOSX.platform/Developer/SDKs/MacOSX10.10.sdk/System/Library/Frameworks/Cocoa.framework; sourceTree = SYSTEM_DEVELOPER_DIR; };
		96CA4E610907E8CC00C234AA /* jsoncpp.u_xcomp */ = {isa = PBXFileReference; explicitFileType = wrapper.cfbundle; includeInIndex = 0; path = jsoncpp.u_xcomp; sourceTree = BUILT_PRODUCTS_DIR; };
		B086C3C3138184CE005B7A43 /* json_batchallocator.h */ = {isa = PBXFileReference; fileEncoding = 4; lastKnownFileType = sourcecode.c.h; name = json_batchallocator.h; path = ../../include/json_batchallocator.h; sourceTree = "<group>"; };
		B086C3C4138184CE005B7A43 /* jsoncpp.he */ = {isa = PBXFileReference; explicitFileType = sourcecode.cpp.h; fileEncoding = 4; name = jsoncpp.he; path = ../../include/jsoncpp.he; sourceTree = "<group>"; };
		B086C3C5138184CE005B7A43 /* JsonReader.he */ = {isa = PBXFileReference; explicitFileType = sourcecode.cpp.h; fileEncoding = 4; name = JsonReader.he; path = ../../include/JsonReader.he; sourceTree = "<group>"; };
		B086C3C6138184CE005B7A43 /* JsonValue.he */ = {isa = PBXFileReference; explicitFileType = sourcecode.cpp.h; fileEncoding = 4; name = JsonValue.he; path = ../../include/JsonValue.he; sourceTree = "<group>"; };
		B086C3C7138184CE005B7A43 /* JsonWriter.he */ = {isa = PBXFileReference; explicitFileType = sourcecode.cpp.h; fileEncoding = 4; name = JsonWriter.he; path = ../../include/JsonWriter.he; sourceTree = "<group>"; };
		B086C3C8138184CE005B7A43 /* NVObjBase.he */ = {isa = PBXFileReference; explicitFileType = sourcecode.cpp.h; fileEncoding = 4; name = NVObjBase.he; path = ../../include/NVObjBase.he; sourceTree = "<group>"; };
		B086C3C9138184CE005B7A43 /* OmnisTools.he */ = {isa = PBXFileReference; explicitFileType = sourcecode.cpp.h; fileEncoding = 4; name = OmnisTools.he; path = ../../include/OmnisTools.he; sourceTree = "<group>"; };
		B086C3D0138184D5005B7A43 /* autolink.h */ = {isa = PBXFileReference; fileEncoding = 4; lastKnownFileType = sourcecode.c.h; name = autolink.h; path = ../../include/json/autolink.h; sourceTree = "<group>"; };
		B086C3D1138184D5005B7A43 /* config.h */ = {isa = PBXFileReference; fileEncoding = 4; lastKnownFileType = sourcecode.c.h; name = config.h; path = ../../include/json/config.h; sourceTree = "<group>"; };
		B086C3D2138184D5005B7A43 /* features.h */ = {isa = PBXFileReference; fileEncoding = 4; lastKnownFileType = sourcecode.c.h; name = features.h; path = ../../include/json/features.h; sourceTree = "<group>"; };
		B086C3D3138184D5005B7A43 /* forwards.h */ = {isa = PBXFileReference; fileEncoding = 4; lastKnownFileType = sourcecode.c.h; name = forwards.h; path = ../../include/json/forwards.h; sourceTree = "<group>"; };
		B086C3D4138184D5005B7A43 /* json.h */ = {isa = PBXFileReference; fileEncoding = 4; lastKnownFileType = sourcecode.c.h; name = json.h; path = ../../include/json/json.h; sourceTree = "<group>"; };
		B086C3D5138184D5005B7A43 /* reader.h */ = {isa = PBXFileReference; fileEncoding = 4; lastKnownFileType = sourcecode.c.h; name = reader.h; path = ../../include/json/reader.h; sourceTree = "<group>"; };
		B086C3D6138184D5005B7A43 /* value.h */ = {isa = PBXFileReference; fileEncoding = 4; lastKnownFileType = sourcecode.c.h; name = value.h; path = ../../include/json/value.h; sourceTree = "<group>"; };
		B086C3D7138184D5005B7A43 /* writer.h */ = {isa = PBXFileReference; fileEncoding = 4; lastKnownFileType = sourcecode.c.h; name = writer.h; path = ../../include/json/writer.h; sourceTree = "<group>"; };
		B086C3D8138184EB005B7A43 /* jsoncpp.cpp */ = {isa = PBXFileReference; fileEncoding = 4; lastKnownFileType = sourcecode.cpp.cpp; name = jsoncpp.cpp; path = ../../src/jsoncpp.cpp; sourceTree = "<group>"; };
		B086C3D9138184EB005B7A43 /* JsonReader.cpp */ = {isa = PBXFileReference; fileEncoding = 4; lastKnownFileType = sourcecode.cpp.cpp; name = JsonReader.cpp; path = ../../src/JsonReader.cpp; sourceTree = "<group>"; };
		B086C3DA138184EB005B7A43 /* JsonValue.cpp */ = {isa = PBXFileReference; fileEncoding = 4; lastKnownFileType = sourcecode.cpp.cpp; name = JsonValue.cpp; path = ../../src/JsonValue.cpp; sourceTree = "<group>"; };
		B086C3DB138184EB005B7A43 /* JsonWriter.cpp */ = {isa = PBXFileReference; fileEncoding = 4; lastKnownFileType = sourcecode.cpp.cpp; name = JsonWriter.cpp; path = ../../src/JsonWriter.cpp; sourceTree = "<group>"; };
		B086C3DC138184EB005B7A43 /* NVObjBase.cpp */ = {isa = PBXFileReference; fileEncoding = 4; lastKnownFileType = sourcecode.cpp.cpp; name = NVObjBase.cpp; path = ../../src/NVObjBase.cpp; sourceTree = "<group>"; };
		B086C3DD138184EB005B7A43 /* OmnisTools.cpp */ = {isa = PBXFileReference; fileEncoding = 4; lastKnownFileType = sourcecode.cpp.cpp; name = OmnisTools.cpp; path = ../../src/OmnisTools.cpp; sourceTree = "<group>"; };
		B086C3E4138184F4005B7A43 /* json_reader.cpp */ = {isa = PBXFileReference; fileEncoding = 4; lastKnownFileType = sourcecode.cpp.cpp; name = json_reader.cpp; path = ../../src/jsoncpp/json_reader.cpp; sourceTree = "<group>"; };
		B086C3E5138184F4005B7A43 /* json_value.cpp */ = {isa = PBXFileReference; fileEncoding = 4; lastKnownFileType = sourcecode.cpp.cpp; name = json_value.cpp; path = ../../src/jsoncpp/json_value.cpp; sourceTree = "<group>"; };
		B086C3E6138184F4005B7A43 /* json_writer.cpp */ = {isa = PBXFileReference; fileEncoding = 4; lastKnownFileType = sourcecode.cpp.cpp; name = json_writer.cpp; path = ../../src/jsoncpp/json_writer.cpp; sourceTree = "<group>"; };
		B086C3EA13818525005B7A43 /* jsoncpp.rc */ = {isa = PBXFileReference; fileEncoding = 4; lastKnownFileType = text; name = jsoncpp.rc; path = ../../src/jsoncpp.rc; sourceTree = "<group>"; };
		B086C3FB138279FE005B7A43 /* Info.plist */ = {isa = PBXFileReference; fileEncoding = 4; lastKnownFileType = text.plist.xml; path = Info.plist; sourceTree = "<group>"; };
		B086C40313827C36005B7A43 /* Static.cpp */ = {isa = PBXFileReference; fileEncoding = 4; lastKnownFileType = sourcecode.cpp.cpp; name = Static.cpp; path = ../../src/Static.cpp; sourceTree = "<group>"; };
		B086C40513827C3F005B7A43 /* Static.he */ = {isa = PBXFileReference; explicitFileType = sourcecode.cpp.h; fileEncoding = 4; name = Static.he; path = ../../include/Static.he; sourceTree = "<group>"; };
/* End PBXFileReference section */

/* Begin PBXFrameworksBuildPhase section */
		4024DD182456B661005725DD /* Frameworks */ = {
			isa = PBXFrameworksBuildPhase;
			buildActionMask = 2147483647;
			files = (
				4024DD192456B661005725DD /* Cocoa.framework in Frameworks */,
				4024DD1A2456B661005725DD /* Carbon.framework in Frameworks */,
			);
			runOnlyForDeploymentPostprocessing = 0;
		};
		4078214820AF1BF8008756B5 /* Frameworks */ = {
			isa = PBXFrameworksBuildPhase;
			buildActionMask = 2147483647;
			files = (
				4078214920AF1BF8008756B5 /* Cocoa.framework in Frameworks */,
				4078214A20AF1BF8008756B5 /* Carbon.framework in Frameworks */,
			);
			runOnlyForDeploymentPostprocessing = 0;
		};
		4089B84C203B079000F64CD5 /* Frameworks */ = {
			isa = PBXFrameworksBuildPhase;
			buildActionMask = 2147483647;
			files = (
				4089B84D203B079000F64CD5 /* Carbon.framework in Frameworks */,
			);
			runOnlyForDeploymentPostprocessing = 0;
		};
		96CA4E590907E8CC00C234AA /* Frameworks */ = {
			isa = PBXFrameworksBuildPhase;
			buildActionMask = 2147483647;
			files = (
				40C54E2920485681009529A4 /* Cocoa.framework in Frameworks */,
				96CA4E5A0907E8CC00C234AA /* Carbon.framework in Frameworks */,
			);
			runOnlyForDeploymentPostprocessing = 0;
		};
/* End PBXFrameworksBuildPhase section */

/* Begin PBXGroup section */
		089C166AFE841209C02AAC07 /* xrandom */ = {
			isa = PBXGroup;
			children = (
				96D631340905093100E0F291 /* Headers */,
				08FB77ADFE841716C02AAC07 /* Source */,
				089C167CFE841241C02AAC07 /* Resources */,
				089C1671FE841209C02AAC07 /* External Frameworks and Libraries */,
				19C28FB4FE9D528D11CA2CBB /* Products */,
				40C54E2720485681009529A4 /* Frameworks */,
			);
			name = xrandom;
			sourceTree = "<group>";
		};
		089C1671FE841209C02AAC07 /* External Frameworks and Libraries */ = {
			isa = PBXGroup;
			children = (
				08EA7FFBFE8413EDC02AAC07 /* Carbon.framework */,
			);
			name = "External Frameworks and Libraries";
			sourceTree = "<group>";
		};
		089C167CFE841241C02AAC07 /* Resources */ = {
			isa = PBXGroup;
			children = (
				B086C3EA13818525005B7A43 /* jsoncpp.rc */,
				B086C3FB138279FE005B7A43 /* Info.plist */,
				089C167DFE841241C02AAC07 /* InfoPlist.strings */,
			);
			name = Resources;
			sourceTree = "<group>";
		};
		08FB77ADFE841716C02AAC07 /* Source */ = {
			isa = PBXGroup;
			children = (
				404631B6205653FD002F124A /* JsonFastWriter.cpp */,
				B0A7C79A1256605F00BA7FD9 /* json */,
				B086C3D8138184EB005B7A43 /* jsoncpp.cpp */,
				B086C3D9138184EB005B7A43 /* JsonReader.cpp */,
				B086C3DA138184EB005B7A43 /* JsonValue.cpp */,
				B086C3DB138184EB005B7A43 /* JsonWriter.cpp */,
				B086C3DC138184EB005B7A43 /* NVObjBase.cpp */,
				B086C3DD138184EB005B7A43 /* OmnisTools.cpp */,
				B086C40313827C36005B7A43 /* Static.cpp */,
			);
			name = Source;
			sourceTree = "<group>";
		};
		19C28FB4FE9D528D11CA2CBB /* Products */ = {
			isa = PBXGroup;
			children = (
				96CA4E610907E8CC00C234AA /* jsoncpp.u_xcomp */,
				4089B853203B079000F64CD5 /* jsoncpp.n_xcomp */,
				4078215020AF1BF8008756B5 /* jsoncpp.u_xcomp */,
				4024DD202456B661005725DD /* jsoncpp.u_xcomp */,
			);
			name = Products;
			sourceTree = "<group>";
		};
		40C54E2720485681009529A4 /* Frameworks */ = {
			isa = PBXGroup;
			children = (
				40C54E2820485681009529A4 /* Cocoa.framework */,
			);
			name = Frameworks;
			sourceTree = "<group>";
		};
		96D631340905093100E0F291 /* Headers */ = {
			isa = PBXGroup;
			children = (
				B0A7C7841256604400BA7FD9 /* json */,
				B086C3C3138184CE005B7A43 /* json_batchallocator.h */,
				B086C3C4138184CE005B7A43 /* jsoncpp.he */,
				B086C3C5138184CE005B7A43 /* JsonReader.he */,
				B086C3C6138184CE005B7A43 /* JsonValue.he */,
				B086C3C7138184CE005B7A43 /* JsonWriter.he */,
				404631BA20565451002F124A /* JsonFastWriter.he */,
				B086C3C8138184CE005B7A43 /* NVObjBase.he */,
				B086C3C9138184CE005B7A43 /* OmnisTools.he */,
				B086C40513827C3F005B7A43 /* Static.he */,
			);
			name = Headers;
			sourceTree = "<group>";
		};
		B0A7C7841256604400BA7FD9 /* json */ = {
			isa = PBXGroup;
			children = (
				B086C3D0138184D5005B7A43 /* autolink.h */,
				B086C3D1138184D5005B7A43 /* config.h */,
				B086C3D2138184D5005B7A43 /* features.h */,
				B086C3D3138184D5005B7A43 /* forwards.h */,
				B086C3D4138184D5005B7A43 /* json.h */,
				B086C3D5138184D5005B7A43 /* reader.h */,
				B086C3D6138184D5005B7A43 /* value.h */,
				B086C3D7138184D5005B7A43 /* writer.h */,
			);
			name = json;
			sourceTree = "<group>";
		};
		B0A7C79A1256605F00BA7FD9 /* json */ = {
			isa = PBXGroup;
			children = (
				B086C3E4138184F4005B7A43 /* json_reader.cpp */,
				B086C3E5138184F4005B7A43 /* json_value.cpp */,
				B086C3E6138184F4005B7A43 /* json_writer.cpp */,
			);
			name = json;
			sourceTree = "<group>";
		};
/* End PBXGroup section */

/* Begin PBXNativeTarget section */
		4024DD082456B661005725DD /* UnicodeCore102 */ = {
			isa = PBXNativeTarget;
			buildConfigurationList = 4024DD1D2456B661005725DD /* Build configuration list for PBXNativeTarget "UnicodeCore102" */;
			buildPhases = (
				4024DD092456B661005725DD /* Resources */,
				4024DD0C2456B661005725DD /* Sources */,
				4024DD182456B661005725DD /* Frameworks */,
				4024DD1B2456B661005725DD /* ShellScript */,
			);
			buildRules = (
				4024DD1C2456B661005725DD /* PBXBuildRule */,
			);
			dependencies = (
			);
			name = UnicodeCore102;
			productInstallPath = "$(HOME)/Library/Bundles";
			productName = xrandom;
			productReference = 4024DD202456B661005725DD /* jsoncpp.u_xcomp */;
			productType = "com.apple.product-type.bundle";
		};
		4078213820AF1BF8008756B5 /* UnicodeCore101 */ = {
			isa = PBXNativeTarget;
			buildConfigurationList = 4078214D20AF1BF8008756B5 /* Build configuration list for PBXNativeTarget "UnicodeCore101" */;
			buildPhases = (
				4078213920AF1BF8008756B5 /* Resources */,
				4078213C20AF1BF8008756B5 /* Sources */,
				4078214820AF1BF8008756B5 /* Frameworks */,
				4078214B20AF1BF8008756B5 /* ShellScript */,
			);
			buildRules = (
				4078214C20AF1BF8008756B5 /* PBXBuildRule */,
			);
			dependencies = (
			);
			name = UnicodeCore101;
			productInstallPath = "$(HOME)/Library/Bundles";
			productName = xrandom;
			productReference = 4078215020AF1BF8008756B5 /* jsoncpp.u_xcomp */;
			productType = "com.apple.product-type.bundle";
		};
		4089B83D203B079000F64CD5 /* core */ = {
			isa = PBXNativeTarget;
			buildConfigurationList = 4089B850203B079000F64CD5 /* Build configuration list for PBXNativeTarget "core" */;
			buildPhases = (
				4089B83E203B079000F64CD5 /* Resources */,
				4089B841203B079000F64CD5 /* Sources */,
				4089B84C203B079000F64CD5 /* Frameworks */,
				4017F0C1203B606E00F0F4C5 /* ShellScript */,
			);
			buildRules = (
				4089B84F203B079000F64CD5 /* PBXBuildRule */,
			);
			dependencies = (
			);
			name = core;
			productInstallPath = "$(HOME)/Library/Bundles";
			productName = xrandom;
			productReference = 4089B853203B079000F64CD5 /* jsoncpp.n_xcomp */;
			productType = "com.apple.product-type.bundle";
		};
		96CA4E530907E8CC00C234AA /* UnicodeCore */ = {
			isa = PBXNativeTarget;
			buildConfigurationList = 96CA4E5D0907E8CC00C234AA /* Build configuration list for PBXNativeTarget "UnicodeCore" */;
			buildPhases = (
				96CA4E540907E8CC00C234AA /* Resources */,
				96CA4E570907E8CC00C234AA /* Sources */,
				96CA4E590907E8CC00C234AA /* Frameworks */,
				40C54E2A20486074009529A4 /* ShellScript */,
			);
			buildRules = (
				96CA4E5C0907E8CC00C234AA /* PBXBuildRule */,
			);
			dependencies = (
			);
			name = UnicodeCore;
			productInstallPath = "$(HOME)/Library/Bundles";
			productName = xrandom;
			productReference = 96CA4E610907E8CC00C234AA /* jsoncpp.u_xcomp */;
			productType = "com.apple.product-type.bundle";
		};
/* End PBXNativeTarget section */

/* Begin PBXProject section */
		089C1669FE841209C02AAC07 /* Project object */ = {
			isa = PBXProject;
			attributes = {
			};
			buildConfigurationList = 96CF455E08FBABD1003AA3FE /* Build configuration list for PBXProject "jsoncpp" */;
			compatibilityVersion = "Xcode 2.4";
			developmentRegion = English;
			hasScannedForEncodings = 1;
			knownRegions = (
				English,
				Japanese,
				French,
				German,
				english,
			);
			mainGroup = 089C166AFE841209C02AAC07 /* xrandom */;
			projectDirPath = "";
			projectRoot = "";
			targets = (
				4089B83D203B079000F64CD5 /* core */,
				96CA4E530907E8CC00C234AA /* UnicodeCore */,
				96D355F20908DD62006B6436 /* ReleaseBuild */,
				4078213820AF1BF8008756B5 /* UnicodeCore101 */,
				4024DD082456B661005725DD /* UnicodeCore102 */,
			);
		};
/* End PBXProject section */

/* Begin PBXResourcesBuildPhase section */
		4024DD092456B661005725DD /* Resources */ = {
			isa = PBXResourcesBuildPhase;
			buildActionMask = 2147483647;
			files = (
				4024DD0A2456B661005725DD /* InfoPlist.strings in Resources */,
				4024DD0B2456B661005725DD /* jsoncpp.rc in Resources */,
			);
			runOnlyForDeploymentPostprocessing = 0;
		};
		4078213920AF1BF8008756B5 /* Resources */ = {
			isa = PBXResourcesBuildPhase;
			buildActionMask = 2147483647;
			files = (
				4078213A20AF1BF8008756B5 /* InfoPlist.strings in Resources */,
				4078213B20AF1BF8008756B5 /* jsoncpp.rc in Resources */,
			);
			runOnlyForDeploymentPostprocessing = 0;
		};
		4089B83E203B079000F64CD5 /* Resources */ = {
			isa = PBXResourcesBuildPhase;
			buildActionMask = 2147483647;
			files = (
				404631BB20565451002F124A /* JsonFastWriter.he in Resources */,
				4089B83F203B079000F64CD5 /* InfoPlist.strings in Resources */,
				4089B840203B079000F64CD5 /* jsoncpp.rc in Resources */,
			);
			runOnlyForDeploymentPostprocessing = 0;
		};
		96CA4E540907E8CC00C234AA /* Resources */ = {
			isa = PBXResourcesBuildPhase;
			buildActionMask = 2147483647;
			files = (
				96CA4E550907E8CC00C234AA /* InfoPlist.strings in Resources */,
				B086C3EB13818525005B7A43 /* jsoncpp.rc in Resources */,
			);
			runOnlyForDeploymentPostprocessing = 0;
		};
/* End PBXResourcesBuildPhase section */

/* Begin PBXShellScriptBuildPhase section */
		4017F0C1203B606E00F0F4C5 /* ShellScript */ = {
			isa = PBXShellScriptBuildPhase;
			buildActionMask = 2147483647;
			files = (
			);
			inputPaths = (
			);
			outputPaths = (
			);
			runOnlyForDeploymentPostprocessing = 0;
			shellPath = /bin/sh;
			shellScript = "rm -r \"$OMNIS_EXE/Contents/MacOS/xcomp/$WRAPPER_NAME/\"\ncp -r \"$INSTALL_PATH/$WRAPPER_NAME\" \"$OMNIS_EXE/Contents/MacOS/xcomp\"";
		};
		4024DD1B2456B661005725DD /* ShellScript */ = {
			isa = PBXShellScriptBuildPhase;
			buildActionMask = 2147483647;
			files = (
			);
			inputPaths = (
			);
			outputPaths = (
			);
			runOnlyForDeploymentPostprocessing = 0;
			shellPath = /bin/sh;
			shellScript = "rm -r \"$OMNIS_EXE/Contents/MacOS/xcomp/$WRAPPER_NAME/\"\ncp -r \"$INSTALL_PATH/$WRAPPER_NAME\" \"$OMNIS_EXE/Contents/MacOS/xcomp\"\n";
		};
		4078214B20AF1BF8008756B5 /* ShellScript */ = {
			isa = PBXShellScriptBuildPhase;
			buildActionMask = 2147483647;
			files = (
			);
			inputPaths = (
			);
			outputPaths = (
			);
			runOnlyForDeploymentPostprocessing = 0;
			shellPath = /bin/sh;
			shellScript = "rm -r \"$OMNIS_EXE/Contents/MacOS/xcomp/$WRAPPER_NAME/\"\ncp -r \"$INSTALL_PATH/$WRAPPER_NAME\" \"$OMNIS_EXE/Contents/MacOS/xcomp\"\n";
		};
		40C54E2A20486074009529A4 /* ShellScript */ = {
			isa = PBXShellScriptBuildPhase;
			buildActionMask = 2147483647;
			files = (
			);
			inputPaths = (
			);
			outputPaths = (
			);
			runOnlyForDeploymentPostprocessing = 0;
			shellPath = /bin/sh;
			shellScript = "rm -r \"$OMNIS_EXE/Contents/MacOS/xcomp/$WRAPPER_NAME/\"\ncp -r \"$INSTALL_PATH/$WRAPPER_NAME\" \"$OMNIS_EXE/Contents/MacOS/xcomp\"";
		};
/* End PBXShellScriptBuildPhase section */

/* Begin PBXSourcesBuildPhase section */
		4024DD0C2456B661005725DD /* Sources */ = {
			isa = PBXSourcesBuildPhase;
			buildActionMask = 2147483647;
			files = (
				4024DD0D2456B661005725DD /* jsoncpp.cpp in Sources */,
				4024DD0E2456B661005725DD /* JsonReader.cpp in Sources */,
				4024DD0F2456B661005725DD /* JsonValue.cpp in Sources */,
				4024DD102456B661005725DD /* JsonWriter.cpp in Sources */,
				4024DD112456B661005725DD /* NVObjBase.cpp in Sources */,
				4024DD122456B661005725DD /* OmnisTools.cpp in Sources */,
				4024DD132456B661005725DD /* json_reader.cpp in Sources */,
				4024DD142456B661005725DD /* json_value.cpp in Sources */,
				4024DD152456B661005725DD /* json_writer.cpp in Sources */,
				4024DD162456B661005725DD /* Static.cpp in Sources */,
				4024DD172456B661005725DD /* JsonFastWriter.cpp in Sources */,
			);
			runOnlyForDeploymentPostprocessing = 0;
		};
		4078213C20AF1BF8008756B5 /* Sources */ = {
			isa = PBXSourcesBuildPhase;
			buildActionMask = 2147483647;
			files = (
				4078213D20AF1BF8008756B5 /* jsoncpp.cpp in Sources */,
				4078213E20AF1BF8008756B5 /* JsonReader.cpp in Sources */,
				4078213F20AF1BF8008756B5 /* JsonValue.cpp in Sources */,
				4078214020AF1BF8008756B5 /* JsonWriter.cpp in Sources */,
				4078214120AF1BF8008756B5 /* NVObjBase.cpp in Sources */,
				4078214220AF1BF8008756B5 /* OmnisTools.cpp in Sources */,
				4078214320AF1BF8008756B5 /* json_reader.cpp in Sources */,
				4078214420AF1BF8008756B5 /* json_value.cpp in Sources */,
				4078214520AF1BF8008756B5 /* json_writer.cpp in Sources */,
				4078214620AF1BF8008756B5 /* Static.cpp in Sources */,
				4078214720AF1BF8008756B5 /* JsonFastWriter.cpp in Sources */,
			);
			runOnlyForDeploymentPostprocessing = 0;
		};
		4089B841203B079000F64CD5 /* Sources */ = {
			isa = PBXSourcesBuildPhase;
			buildActionMask = 2147483647;
			files = (
				4089B842203B079000F64CD5 /* jsoncpp.cpp in Sources */,
				4089B843203B079000F64CD5 /* JsonReader.cpp in Sources */,
				4089B844203B079000F64CD5 /* JsonValue.cpp in Sources */,
				4089B845203B079000F64CD5 /* JsonWriter.cpp in Sources */,
				4089B846203B079000F64CD5 /* NVObjBase.cpp in Sources */,
				4089B847203B079000F64CD5 /* OmnisTools.cpp in Sources */,
				4089B848203B079000F64CD5 /* json_reader.cpp in Sources */,
				4089B849203B079000F64CD5 /* json_value.cpp in Sources */,
				4089B84A203B079000F64CD5 /* json_writer.cpp in Sources */,
				4089B84B203B079000F64CD5 /* Static.cpp in Sources */,
				404631B7205653FE002F124A /* JsonFastWriter.cpp in Sources */,
			);
			runOnlyForDeploymentPostprocessing = 0;
		};
		96CA4E570907E8CC00C234AA /* Sources */ = {
			isa = PBXSourcesBuildPhase;
			buildActionMask = 2147483647;
			files = (
				B086C3DE138184EB005B7A43 /* jsoncpp.cpp in Sources */,
				B086C3DF138184EB005B7A43 /* JsonReader.cpp in Sources */,
				B086C3E0138184EB005B7A43 /* JsonValue.cpp in Sources */,
				B086C3E1138184EB005B7A43 /* JsonWriter.cpp in Sources */,
				B086C3E2138184EB005B7A43 /* NVObjBase.cpp in Sources */,
				B086C3E3138184EB005B7A43 /* OmnisTools.cpp in Sources */,
				B086C3E7138184F4005B7A43 /* json_reader.cpp in Sources */,
				B086C3E8138184F4005B7A43 /* json_value.cpp in Sources */,
				B086C3E9138184F4005B7A43 /* json_writer.cpp in Sources */,
				B086C40413827C36005B7A43 /* Static.cpp in Sources */,
				4017D617206FE7BC007085B6 /* JsonFastWriter.cpp in Sources */,
			);
			runOnlyForDeploymentPostprocessing = 0;
		};
/* End PBXSourcesBuildPhase section */

/* Begin PBXTargetDependency section */
		9658838409BC64BB0063770F /* PBXTargetDependency */ = {
			isa = PBXTargetDependency;
			target = 96CA4E530907E8CC00C234AA /* UnicodeCore */;
			targetProxy = 9658838309BC64BB0063770F /* PBXContainerItemProxy */;
		};
/* End PBXTargetDependency section */

/* Begin PBXVariantGroup section */
		089C167DFE841241C02AAC07 /* InfoPlist.strings */ = {
			isa = PBXVariantGroup;
			children = (
				089C167EFE841241C02AAC07 /* English */,
			);
			name = InfoPlist.strings;
			sourceTree = "<group>";
		};
/* End PBXVariantGroup section */

/* Begin XCBuildConfiguration section */
		4024DD1E2456B661005725DD /* Debug */ = {
			isa = XCBuildConfiguration;
			buildSettings = {
				BOOST_ROOT = ../../../boost_1_59_0/osx/prefix;
				CLANG_CXX_LANGUAGE_STANDARD = "c++0x";
				CLANG_CXX_LIBRARY = "libc++";
				DSTROOT = /;
				GCC_ENABLE_FIX_AND_CONTINUE = YES;
				GCC_INPUT_FILETYPE = sourcecode.cpp.objcpp;
				GCC_VERSION = "";
				HEADER_SEARCH_PATHS = (
					$PROJECT_DIR/../../include,
					/Developer/Headers/FlatCarbon,
					"$(OMNIS_LIB_PATH)/complib/u_complib.framework/Headers",
					"$(BOOST_ROOT)/include",
					$PROJECT_DIR/../../platform/Mac,
					$PROJECT_DIR/../../include/jsoncpp,
				);
				INFOPLIST_FILE = $PROJECT_DIR/Info.plist;
				INSTALL_PATH = "$(PROJECT_DIR)/../../lib/osx/studio102_debug";
				LIBRARY_SEARCH_PATHS = (
					"$(inherited)",
					"$(BOOST_ROOT)/lib",
				);
				MACOSX_DEPLOYMENT_TARGET = 10.11;
				OMNIS_EXE = "/Volumes/Macintosh-HD/Applications/Omnis Studio 10.2.app";
				OMNIS_LIB_PATH = "../../../omnis/OSX-SDK-10.2";
				OTHER_LDFLAGS = (
					"-framework",
					u_complib,
					"-lboost_regex",
				);
				PRODUCT_NAME = jsoncpp;
				SDKROOT = macosx10.14;
				VALID_ARCHS = x86_64;
			};
			name = Debug;
		};
		4024DD1F2456B661005725DD /* Release */ = {
			isa = XCBuildConfiguration;
			buildSettings = {
				ARCHS = "$(ARCHS_STANDARD)";
				BOOST_ROOT = ../../../boost_1_59_0/osx/prefix;
				CLANG_CXX_LANGUAGE_STANDARD = "c++0x";
				CLANG_CXX_LIBRARY = "libc++";
				DSTROOT = /;
				GCC_ENABLE_FIX_AND_CONTINUE = NO;
				GCC_INPUT_FILETYPE = sourcecode.cpp.objcpp;
				GCC_VERSION = "";
				HEADER_SEARCH_PATHS = (
					$PROJECT_DIR/../../include,
					/Developer/Headers/FlatCarbon,
					"$(OMNIS_LIB_PATH)/complib/u_complib.framework/Headers",
					"$(BOOST_ROOT)/include",
					$PROJECT_DIR/../../platform/Mac,
					$PROJECT_DIR/../../include/jsoncpp,
				);
				INFOPLIST_FILE = $PROJECT_DIR/Info.plist;
				INSTALL_PATH = "$(PROJECT_DIR)/../../lib/osx/studio102";
				LIBRARY_SEARCH_PATHS = (
					"$(inherited)",
					"$(BOOST_ROOT)/lib",
				);
				MACOSX_DEPLOYMENT_TARGET = 10.11;
				OMNIS_EXE = "/Volumes/Macintosh-HD/Applications/Omnis Studio 10.2.app";
				OMNIS_LIB_PATH = "../../../omnis/OSX-SDK-10.2";
				OTHER_LDFLAGS = (
					"-framework",
					u_complib,
					"-lboost_regex",
				);
				PRODUCT_NAME = jsoncpp;
				SDKROOT = macosx10.14;
				SKIP_INSTALL = NO;
				VALID_ARCHS = x86_64;
			};
			name = Release;
		};
		4078214E20AF1BF8008756B5 /* Debug */ = {
			isa = XCBuildConfiguration;
			buildSettings = {
				BOOST_ROOT = ../../../boost_1_59_0/osx/prefix;
				DSTROOT = /;
				GCC_ENABLE_FIX_AND_CONTINUE = YES;
				GCC_INPUT_FILETYPE = sourcecode.cpp.objcpp;
				GCC_VERSION = "";
				HEADER_SEARCH_PATHS = (
					$PROJECT_DIR/../../include,
					/Developer/Headers/FlatCarbon,
					"$(OMNIS_LIB_PATH)/complib/u_complib.framework/Headers",
					"$(BOOST_ROOT)/include",
					$PROJECT_DIR/../../platform/Mac,
					$PROJECT_DIR/../../include/jsoncpp,
				);
				INFOPLIST_FILE = $PROJECT_DIR/Info.plist;
				INSTALL_PATH = "$(PROJECT_DIR)/../../lib/osx/studio101_debug";
				LIBRARY_SEARCH_PATHS = (
					"$(inherited)",
					"$(BOOST_ROOT)/lib",
				);
				MACOSX_DEPLOYMENT_TARGET = 10.9;
				OMNIS_EXE = "/Volumes/Macintosh-HD/Applications/Omnis Studio 10.1.app";
				OMNIS_LIB_PATH = "../../../omnis/OSX-SDK-10.1";
				OTHER_LDFLAGS = (
					"-framework",
					u_complib,
					"-lboost_regex",
				);
				PRODUCT_NAME = jsoncpp;
				SDKROOT = macosx10.10;
				VALID_ARCHS = "i386 x86_64";
			};
			name = Debug;
		};
		4078214F20AF1BF8008756B5 /* Release */ = {
			isa = XCBuildConfiguration;
			buildSettings = {
				ARCHS = "$(ARCHS_STANDARD)";
				BOOST_ROOT = ../../../boost_1_59_0/osx/prefix;
				DSTROOT = /;
				GCC_ENABLE_FIX_AND_CONTINUE = NO;
				GCC_INPUT_FILETYPE = sourcecode.cpp.objcpp;
				GCC_VERSION = "";
				HEADER_SEARCH_PATHS = (
					$PROJECT_DIR/../../include,
					/Developer/Headers/FlatCarbon,
					"$(OMNIS_LIB_PATH)/complib/u_complib.framework/Headers",
					"$(BOOST_ROOT)/include",
					$PROJECT_DIR/../../platform/Mac,
					$PROJECT_DIR/../../include/jsoncpp,
				);
				INFOPLIST_FILE = $PROJECT_DIR/Info.plist;
				INSTALL_PATH = "$(PROJECT_DIR)/../../lib/osx/studio101";
				LIBRARY_SEARCH_PATHS = (
					"$(inherited)",
					"$(BOOST_ROOT)/lib",
				);
				MACOSX_DEPLOYMENT_TARGET = 10.9;
				OMNIS_EXE = "/Volumes/Macintosh-HD/Applications/Omnis Studio 10.1.app";
				OMNIS_LIB_PATH = "../../../omnis/OSX-SDK-10.1";
				OTHER_LDFLAGS = (
					"-framework",
					u_complib,
					"-lboost_regex",
				);
				PRODUCT_NAME = jsoncpp;
				SDKROOT = macosx10.10;
				SKIP_INSTALL = NO;
				VALID_ARCHS = "i386 x86_64";
			};
			name = Release;
		};
		4089B851203B079000F64CD5 /* Debug */ = {
			isa = XCBuildConfiguration;
			buildSettings = {
				ARCHS = "$(ARCHS_STANDARD_32_BIT)";
				BOOST_ROOT = ../../../boost_1_66_0/osx/prefix;
				DSTROOT = /;
				GCC_ENABLE_FIX_AND_CONTINUE = YES;
				GCC_PRECOMPILE_PREFIX_HEADER = YES;
				GCC_PREFIX_HEADER = "$(OMNIS_LIB_PATH)/complib/n_complib.framework/Headers/carbonin.h";
				GCC_VERSION = com.apple.compilers.llvmgcc42;
				HEADER_SEARCH_PATHS = (
					/Developer/Headers/FlatCarbon,
					"$(OMNIS_LIB_PATH)/complib/n_complib.framework/Headers",
					"$(BOOST_ROOT)/include",
					$PROJECT_DIR/../../include,
					$PROJECT_DIR/../../platform/Mac,
					$PROJECT_DIR/../../include/jsoncpp,
				);
				INFOPLIST_FILE = $PROJECT_DIR/Info.plist;
				INSTALL_PATH = "$(PROJECT_DIR)/../../lib/osx/studio43_debug";
				LIBRARY_SEARCH_PATHS = (
					"$(inherited)",
					"$(BOOST_ROOT)/lib",
				);
				MACOSX_DEPLOYMENT_TARGET = 10.6;
				OMNIS_EXE = "/Volumes/Macintosh-HD/Applications/Omnis Studio 4.3.2.app";
				OMNIS_LIB_PATH = "../../../omnis/osx_mach-o_sdk_4.3.1";
				OTHER_LDFLAGS = (
					"-framework",
					n_complib,
					"-lboost_regex",
				);
				SDKROOT = macosx10.6;
				WRAPPER_EXTENSION = n_xcomp;
			};
			name = Debug;
		};
		4089B852203B079000F64CD5 /* Release */ = {
			isa = XCBuildConfiguration;
			buildSettings = {
				ARCHS = "$(ARCHS_STANDARD_32_BIT)";
				BOOST_ROOT = ../../../boost_1_66_0/osx/prefix;
				DSTROOT = /;
				GCC_ENABLE_FIX_AND_CONTINUE = NO;
				GCC_PRECOMPILE_PREFIX_HEADER = YES;
				GCC_PREFIX_HEADER = "$(OMNIS_LIB_PATH)/complib/n_complib.framework/Headers/carbonin.h";
				GCC_VERSION = com.apple.compilers.llvmgcc42;
				HEADER_SEARCH_PATHS = (
					/Developer/Headers/FlatCarbon,
					"$(OMNIS_LIB_PATH)/complib/n_complib.framework/Headers",
					"$(BOOST_ROOT)/include",
					$PROJECT_DIR/../../include,
					$PROJECT_DIR/../../platform/Mac,
					$PROJECT_DIR/../../include/jsoncpp,
				);
				INFOPLIST_FILE = $PROJECT_DIR/Info.plist;
				INSTALL_PATH = "$(PROJECT_DIR)/../../lib/osx/studio43";
				LIBRARY_SEARCH_PATHS = (
					"$(inherited)",
					"$(BOOST_ROOT)/lib",
				);
				MACOSX_DEPLOYMENT_TARGET = 10.6;
				OMNIS_EXE = "/Volumes/Macintosh-HD/Applications/Omnis Studio 4.3.2.app";
				OMNIS_LIB_PATH = "../../../omnis/osx_mach-o_sdk_4.3.1";
				OTHER_LDFLAGS = (
					"-framework",
					n_complib,
					"-lboost_regex",
				);
				SDKROOT = macosx10.6;
				SKIP_INSTALL = NO;
				WRAPPER_EXTENSION = n_xcomp;
			};
			name = Release;
		};
		96CA4E5E0907E8CC00C234AA /* Debug */ = {
			isa = XCBuildConfiguration;
			buildSettings = {
				BOOST_ROOT = ../../../boost_1_59_0/osx/prefix;
				DSTROOT = /;
				GCC_ENABLE_FIX_AND_CONTINUE = YES;
				GCC_INPUT_FILETYPE = sourcecode.cpp.objcpp;
				GCC_VERSION = "";
				HEADER_SEARCH_PATHS = (
					$PROJECT_DIR/../../include,
					/Developer/Headers/FlatCarbon,
					"$(OMNIS_LIB_PATH)/complib/u_complib.framework/Headers",
					"$(BOOST_ROOT)/include",
					$PROJECT_DIR/../../platform/Mac,
					$PROJECT_DIR/../../include/jsoncpp,
				);
				INSTALL_PATH = "$(PROJECT_DIR)/../../lib/osx/studio81_debug";
				LIBRARY_SEARCH_PATHS = (
					"$(inherited)",
					"$(BOOST_ROOT)/lib",
				);
				MACOSX_DEPLOYMENT_TARGET = 10.9;
				OMNIS_EXE = "/Volumes/Macintosh-HD/Applications/Omnis Studio 8.1 x64.app";
				OMNIS_LIB_PATH = "../../../omnis/OSX-SDK-8.1-x64";
				OTHER_LDFLAGS = (
					"-framework",
					u_complib,
					"-lboost_regex",
				);
				SDKROOT = macosx10.12;
				VALID_ARCHS = "i386 x86_64";
			};
			name = Debug;
		};
		96CA4E5F0907E8CC00C234AA /* Release */ = {
			isa = XCBuildConfiguration;
			buildSettings = {
				ARCHS = "$(ARCHS_STANDARD)";
				BOOST_ROOT = ../../../boost_1_59_0/osx/prefix;
				DSTROOT = /;
				GCC_ENABLE_FIX_AND_CONTINUE = NO;
				GCC_INPUT_FILETYPE = sourcecode.cpp.objcpp;
				GCC_VERSION = "";
				HEADER_SEARCH_PATHS = (
					$PROJECT_DIR/../../include,
					/Developer/Headers/FlatCarbon,
					"$(OMNIS_LIB_PATH)/complib/u_complib.framework/Headers",
					"$(BOOST_ROOT)/include",
					$PROJECT_DIR/../../platform/Mac,
					$PROJECT_DIR/../../include/jsoncpp,
				);
				INSTALL_PATH = "$(PROJECT_DIR)/../../lib/osx/studio81";
				LIBRARY_SEARCH_PATHS = (
					"$(inherited)",
					"$(BOOST_ROOT)/lib",
				);
				MACOSX_DEPLOYMENT_TARGET = 10.9;
				OMNIS_EXE = "/Volumes/Macintosh-HD/Applications/Omnis Studio 8.1 x64.app";
				OMNIS_LIB_PATH = "../../../omnis/OSX-SDK-8.1-x64";
				OTHER_LDFLAGS = (
					"-framework",
					u_complib,
					"-lboost_regex",
				);
				SDKROOT = macosx10.12;
				SKIP_INSTALL = NO;
				VALID_ARCHS = "i386 x86_64";
			};
			name = Release;
		};
		96CF455F08FBABD1003AA3FE /* Debug */ = {
			isa = XCBuildConfiguration;
			buildSettings = {
				COPY_PHASE_STRIP = NO;
				DEPLOYMENT_LOCATION = YES;
				DSTROOT = "$(OMNIS_XCOMP_PATH)";
				FRAMEWORK_SEARCH_PATHS = "$(OMNIS_LIB_PATH)/complib";
				GCC_OPTIMIZATION_LEVEL = 0;
				GCC_PRECOMPILE_PREFIX_HEADER = YES;
				GCC_PREFIX_HEADER = "$(OMNIS_LIB_PATH)/complib/u_complib.framework/Headers/carbnuni.h";
				GCC_VERSION = 4.2;
				GCC_WARN_ABOUT_DEPRECATED_FUNCTIONS = NO;
				GCC_WARN_UNUSED_VARIABLE = YES;
				GENERATE_PKGINFO_FILE = YES;
				HEADER_SEARCH_PATHS = (
					$PROJECT_DIR/../../include,
					/Developer/Headers/FlatCarbon,
					"$(OMNIS_LIB_PATH)/complib/u_complib.framework/Headers",
					"$(BOOST_ROOT)",
					$PROJECT_DIR/../../platform/Mac,
					$PROJECT_DIR/../../include/jsoncpp,
				);
				INFOPLIST_FILE = $PROJECT_DIR/Info.plist;
				INSTALL_PATH = /;
				LIBRARY_SEARCH_PATHS = "";
				MACOSX_DEPLOYMENT_TARGET = 10.4;
				OTHER_CFLAGS = (
					"-Dismach_o",
					"-fpermissive",
					"-Dismach-o",
				);
				PRODUCT_NAME = jsoncpp;
				REZ_SEARCH_PATHS = (
					$PROJECT_DIR/../../resource,
					/Developer/Headers/FlatCarbon,
					$PROJECT_DIR/English.lproj,
				);
				SDKROOT = /Developer/SDKs/MacOSX10.5.sdk;
				VALID_ARCHS = "i386 ppc";
				WRAPPER_EXTENSION = u_xcomp;
			};
			name = Debug;
		};
		96CF456008FBABD1003AA3FE /* Release */ = {
			isa = XCBuildConfiguration;
			buildSettings = {
				ARCHS = (
					i386,
					ppc,
				);
				DEPLOYMENT_LOCATION = YES;
				DSTROOT = "$(PROJECT_DIR)/../../deploy/Mac";
				FRAMEWORK_SEARCH_PATHS = "$(OMNIS_LIB_PATH)/complib";
				GCC_GENERATE_DEBUGGING_SYMBOLS = NO;
				GCC_PRECOMPILE_PREFIX_HEADER = YES;
				GCC_PREFIX_HEADER = "$(OMNIS_LIB_PATH)/complib/u_complib.framework/Headers/carbnuni.h";
				GCC_VERSION = 4.2;
				GCC_WARN_ABOUT_DEPRECATED_FUNCTIONS = NO;
				GCC_WARN_UNUSED_VARIABLE = YES;
				GENERATE_PKGINFO_FILE = YES;
				HEADER_SEARCH_PATHS = (
					$PROJECT_DIR/../../include,
					/Developer/Headers/FlatCarbon,
					"$(OMNIS_LIB_PATH)/complib/u_complib.framework/Headers",
					"$(BOOST_ROOT)",
					$PROJECT_DIR/../../platform/Mac,
					$PROJECT_DIR/../../include/jsoncpp,
				);
				INFOPLIST_FILE = $PROJECT_DIR/Info.plist;
				INSTALL_PATH = /;
				LIBRARY_SEARCH_PATHS = "";
				MACOSX_DEPLOYMENT_TARGET = 10.4;
				OTHER_CFLAGS = (
					"-Dismach_o",
					"-fpermissive",
					"-Dismach-o",
				);
				PRODUCT_NAME = jsoncpp;
				REZ_SEARCH_PATHS = (
					$PROJECT_DIR/../../resource,
					/Developer/Headers/FlatCarbon,
					$PROJECT_DIR/English.lproj,
				);
				SDKROOT = /Developer/SDKs/MacOSX10.5.sdk;
				VALID_ARCHS = "i386 ppc";
				WRAPPER_EXTENSION = u_xcomp;
			};
			name = Release;
		};
		96D355F40908DD80006B6436 /* Debug */ = {
			isa = XCBuildConfiguration;
			buildSettings = {
			};
			name = Debug;
		};
		96D355F50908DD80006B6436 /* Release */ = {
			isa = XCBuildConfiguration;
			buildSettings = {
			};
			name = Release;
		};
/* End XCBuildConfiguration section */

/* Begin XCConfigurationList section */
		4024DD1D2456B661005725DD /* Build configuration list for PBXNativeTarget "UnicodeCore102" */ = {
			isa = XCConfigurationList;
			buildConfigurations = (
				4024DD1E2456B661005725DD /* Debug */,
				4024DD1F2456B661005725DD /* Release */,
			);
			defaultConfigurationIsVisible = 0;
			defaultConfigurationName = Debug;
		};
		4078214D20AF1BF8008756B5 /* Build configuration list for PBXNativeTarget "UnicodeCore101" */ = {
			isa = XCConfigurationList;
			buildConfigurations = (
				4078214E20AF1BF8008756B5 /* Debug */,
				4078214F20AF1BF8008756B5 /* Release */,
			);
			defaultConfigurationIsVisible = 0;
			defaultConfigurationName = Debug;
		};
		4089B850203B079000F64CD5 /* Build configuration list for PBXNativeTarget "core" */ = {
			isa = XCConfigurationList;
			buildConfigurations = (
				4089B851203B079000F64CD5 /* Debug */,
				4089B852203B079000F64CD5 /* Release */,
			);
			defaultConfigurationIsVisible = 0;
			defaultConfigurationName = Debug;
		};
		96CA4E5D0907E8CC00C234AA /* Build configuration list for PBXNativeTarget "UnicodeCore" */ = {
			isa = XCConfigurationList;
			buildConfigurations = (
				96CA4E5E0907E8CC00C234AA /* Debug */,
				96CA4E5F0907E8CC00C234AA /* Release */,
			);
			defaultConfigurationIsVisible = 0;
			defaultConfigurationName = Debug;
		};
		96CF455E08FBABD1003AA3FE /* Build configuration list for PBXProject "jsoncpp" */ = {
			isa = XCConfigurationList;
			buildConfigurations = (
				96CF455F08FBABD1003AA3FE /* Debug */,
				96CF456008FBABD1003AA3FE /* Release */,
			);
			defaultConfigurationIsVisible = 0;
			defaultConfigurationName = Debug;
		};
		96D355F30908DD80006B6436 /* Build configuration list for PBXAggregateTarget "ReleaseBuild" */ = {
			isa = XCConfigurationList;
			buildConfigurations = (
				96D355F40908DD80006B6436 /* Debug */,
				96D355F50908DD80006B6436 /* Release */,
			);
			defaultConfigurationIsVisible = 0;
			defaultConfigurationName = Debug;
		};
/* End XCConfigurationList section */
	};
	rootObject = 089C1669FE841209C02AAC07 /* Project object */;
}
